// !$*UTF8*$!
{
	archiveVersion = 1;
	classes = {
	};
	objectVersion = 55;
	objects = {

/* Begin PBXBuildFile section */
		A617E03027E2361800AED651 /* Tests_iOS.swift in Sources */ = {isa = PBXBuildFile; fileRef = A617E02F27E2361800AED651 /* Tests_iOS.swift */; };
		A617E03227E2361800AED651 /* Tests_iOSLaunchTests.swift in Sources */ = {isa = PBXBuildFile; fileRef = A617E03127E2361800AED651 /* Tests_iOSLaunchTests.swift */; };
		A617E03C27E2361800AED651 /* Tests_macOS.swift in Sources */ = {isa = PBXBuildFile; fileRef = A617E03B27E2361800AED651 /* Tests_macOS.swift */; };
		A617E03E27E2361800AED651 /* Tests_macOSLaunchTests.swift in Sources */ = {isa = PBXBuildFile; fileRef = A617E03D27E2361800AED651 /* Tests_macOSLaunchTests.swift */; };
		A617E03F27E2361800AED651 /* jinjinnApp.swift in Sources */ = {isa = PBXBuildFile; fileRef = A617E01727E2361600AED651 /* jinjinnApp.swift */; };
		A617E04027E2361800AED651 /* jinjinnApp.swift in Sources */ = {isa = PBXBuildFile; fileRef = A617E01727E2361600AED651 /* jinjinnApp.swift */; };
		A617E04127E2361800AED651 /* ContentView.swift in Sources */ = {isa = PBXBuildFile; fileRef = A617E01827E2361600AED651 /* ContentView.swift */; };
		A617E04227E2361800AED651 /* ContentView.swift in Sources */ = {isa = PBXBuildFile; fileRef = A617E01827E2361600AED651 /* ContentView.swift */; };
		A617E04327E2361800AED651 /* Assets.xcassets in Resources */ = {isa = PBXBuildFile; fileRef = A617E01927E2361800AED651 /* Assets.xcassets */; };
		A617E04427E2361800AED651 /* Assets.xcassets in Resources */ = {isa = PBXBuildFile; fileRef = A617E01927E2361800AED651 /* Assets.xcassets */; };
/* End PBXBuildFile section */

/* Begin PBXContainerItemProxy section */
		A617E02C27E2361800AED651 /* PBXContainerItemProxy */ = {
			isa = PBXContainerItemProxy;
			containerPortal = A617E01227E2361500AED651 /* Project object */;
			proxyType = 1;
			remoteGlobalIDString = A617E01D27E2361800AED651;
			remoteInfo = "jinjinn (iOS)";
		};
		A617E03827E2361800AED651 /* PBXContainerItemProxy */ = {
			isa = PBXContainerItemProxy;
			containerPortal = A617E01227E2361500AED651 /* Project object */;
			proxyType = 1;
			remoteGlobalIDString = A617E02327E2361800AED651;
			remoteInfo = "jinjinn (macOS)";
		};
/* End PBXContainerItemProxy section */

/* Begin PBXFileReference section */
		A617E01727E2361600AED651 /* jinjinnApp.swift */ = {isa = PBXFileReference; lastKnownFileType = sourcecode.swift; path = jinjinnApp.swift; sourceTree = "<group>"; };
		A617E01827E2361600AED651 /* ContentView.swift */ = {isa = PBXFileReference; lastKnownFileType = sourcecode.swift; path = ContentView.swift; sourceTree = "<group>"; };
		A617E01927E2361800AED651 /* Assets.xcassets */ = {isa = PBXFileReference; lastKnownFileType = folder.assetcatalog; path = Assets.xcassets; sourceTree = "<group>"; };
		A617E01E27E2361800AED651 /* jinjinn.app */ = {isa = PBXFileReference; explicitFileType = wrapper.application; includeInIndex = 0; path = jinjinn.app; sourceTree = BUILT_PRODUCTS_DIR; };
		A617E02427E2361800AED651 /* jinjinn.app */ = {isa = PBXFileReference; explicitFileType = wrapper.application; includeInIndex = 0; path = jinjinn.app; sourceTree = BUILT_PRODUCTS_DIR; };
		A617E02627E2361800AED651 /* macOS.entitlements */ = {isa = PBXFileReference; lastKnownFileType = text.plist.entitlements; path = macOS.entitlements; sourceTree = "<group>"; };
		A617E02B27E2361800AED651 /* Tests iOS.xctest */ = {isa = PBXFileReference; explicitFileType = wrapper.cfbundle; includeInIndex = 0; path = "Tests iOS.xctest"; sourceTree = BUILT_PRODUCTS_DIR; };
		A617E02F27E2361800AED651 /* Tests_iOS.swift */ = {isa = PBXFileReference; lastKnownFileType = sourcecode.swift; path = Tests_iOS.swift; sourceTree = "<group>"; };
		A617E03127E2361800AED651 /* Tests_iOSLaunchTests.swift */ = {isa = PBXFileReference; lastKnownFileType = sourcecode.swift; path = Tests_iOSLaunchTests.swift; sourceTree = "<group>"; };
		A617E03727E2361800AED651 /* Tests macOS.xctest */ = {isa = PBXFileReference; explicitFileType = wrapper.cfbundle; includeInIndex = 0; path = "Tests macOS.xctest"; sourceTree = BUILT_PRODUCTS_DIR; };
		A617E03B27E2361800AED651 /* Tests_macOS.swift */ = {isa = PBXFileReference; lastKnownFileType = sourcecode.swift; path = Tests_macOS.swift; sourceTree = "<group>"; };
		A617E03D27E2361800AED651 /* Tests_macOSLaunchTests.swift */ = {isa = PBXFileReference; lastKnownFileType = sourcecode.swift; path = Tests_macOSLaunchTests.swift; sourceTree = "<group>"; };
/* End PBXFileReference section */

/* Begin PBXFrameworksBuildPhase section */
		A617E01B27E2361800AED651 /* Frameworks */ = {
			isa = PBXFrameworksBuildPhase;
			buildActionMask = 2147483647;
			files = (
			);
			runOnlyForDeploymentPostprocessing = 0;
		};
		A617E02127E2361800AED651 /* Frameworks */ = {
			isa = PBXFrameworksBuildPhase;
			buildActionMask = 2147483647;
			files = (
			);
			runOnlyForDeploymentPostprocessing = 0;
		};
		A617E02827E2361800AED651 /* Frameworks */ = {
			isa = PBXFrameworksBuildPhase;
			buildActionMask = 2147483647;
			files = (
			);
			runOnlyForDeploymentPostprocessing = 0;
		};
		A617E03427E2361800AED651 /* Frameworks */ = {
			isa = PBXFrameworksBuildPhase;
			buildActionMask = 2147483647;
			files = (
			);
			runOnlyForDeploymentPostprocessing = 0;
		};
/* End PBXFrameworksBuildPhase section */

/* Begin PBXGroup section */
		A617E01127E2361500AED651 = {
			isa = PBXGroup;
			children = (
				A617E01627E2361600AED651 /* Shared */,
				A617E02527E2361800AED651 /* macOS */,
				A617E02E27E2361800AED651 /* Tests iOS */,
				A617E03A27E2361800AED651 /* Tests macOS */,
				A617E01F27E2361800AED651 /* Products */,
			);
			sourceTree = "<group>";
		};
		A617E01627E2361600AED651 /* Shared */ = {
			isa = PBXGroup;
			children = (
				A617E01727E2361600AED651 /* jinjinnApp.swift */,
				A617E01827E2361600AED651 /* ContentView.swift */,
				A617E01927E2361800AED651 /* Assets.xcassets */,
			);
			path = Shared;
			sourceTree = "<group>";
		};
		A617E01F27E2361800AED651 /* Products */ = {
			isa = PBXGroup;
			children = (
				A617E01E27E2361800AED651 /* jinjinn.app */,
				A617E02427E2361800AED651 /* jinjinn.app */,
				A617E02B27E2361800AED651 /* Tests iOS.xctest */,
				A617E03727E2361800AED651 /* Tests macOS.xctest */,
			);
			name = Products;
			sourceTree = "<group>";
		};
		A617E02527E2361800AED651 /* macOS */ = {
			isa = PBXGroup;
			children = (
				A617E02627E2361800AED651 /* macOS.entitlements */,
			);
			path = macOS;
			sourceTree = "<group>";
		};
		A617E02E27E2361800AED651 /* Tests iOS */ = {
			isa = PBXGroup;
			children = (
				A617E02F27E2361800AED651 /* Tests_iOS.swift */,
				A617E03127E2361800AED651 /* Tests_iOSLaunchTests.swift */,
			);
			path = "Tests iOS";
			sourceTree = "<group>";
		};
		A617E03A27E2361800AED651 /* Tests macOS */ = {
			isa = PBXGroup;
			children = (
				A617E03B27E2361800AED651 /* Tests_macOS.swift */,
				A617E03D27E2361800AED651 /* Tests_macOSLaunchTests.swift */,
			);
			path = "Tests macOS";
			sourceTree = "<group>";
		};
/* End PBXGroup section */

/* Begin PBXNativeTarget section */
		A617E01D27E2361800AED651 /* jinjinn (iOS) */ = {
			isa = PBXNativeTarget;
			buildConfigurationList = A617E04727E2361800AED651 /* Build configuration list for PBXNativeTarget "jinjinn (iOS)" */;
			buildPhases = (
				A617E01A27E2361800AED651 /* Sources */,
				A617E01B27E2361800AED651 /* Frameworks */,
				A617E01C27E2361800AED651 /* Resources */,
			);
			buildRules = (
			);
			dependencies = (
			);
			name = "jinjinn (iOS)";
			productName = "jinjinn (iOS)";
			productReference = A617E01E27E2361800AED651 /* jinjinn.app */;
			productType = "com.apple.product-type.application";
		};
		A617E02327E2361800AED651 /* jinjinn (macOS) */ = {
			isa = PBXNativeTarget;
			buildConfigurationList = A617E04A27E2361800AED651 /* Build configuration list for PBXNativeTarget "jinjinn (macOS)" */;
			buildPhases = (
				A617E02027E2361800AED651 /* Sources */,
				A617E02127E2361800AED651 /* Frameworks */,
				A617E02227E2361800AED651 /* Resources */,
			);
			buildRules = (
			);
			dependencies = (
			);
			name = "jinjinn (macOS)";
			productName = "jinjinn (macOS)";
			productReference = A617E02427E2361800AED651 /* jinjinn.app */;
			productType = "com.apple.product-type.application";
		};
		A617E02A27E2361800AED651 /* Tests iOS */ = {
			isa = PBXNativeTarget;
			buildConfigurationList = A617E04D27E2361800AED651 /* Build configuration list for PBXNativeTarget "Tests iOS" */;
			buildPhases = (
				A617E02727E2361800AED651 /* Sources */,
				A617E02827E2361800AED651 /* Frameworks */,
				A617E02927E2361800AED651 /* Resources */,
			);
			buildRules = (
			);
			dependencies = (
				A617E02D27E2361800AED651 /* PBXTargetDependency */,
			);
			name = "Tests iOS";
			productName = "Tests iOS";
			productReference = A617E02B27E2361800AED651 /* Tests iOS.xctest */;
			productType = "com.apple.product-type.bundle.ui-testing";
		};
		A617E03627E2361800AED651 /* Tests macOS */ = {
			isa = PBXNativeTarget;
			buildConfigurationList = A617E05027E2361800AED651 /* Build configuration list for PBXNativeTarget "Tests macOS" */;
			buildPhases = (
				A617E03327E2361800AED651 /* Sources */,
				A617E03427E2361800AED651 /* Frameworks */,
				A617E03527E2361800AED651 /* Resources */,
			);
			buildRules = (
			);
			dependencies = (
				A617E03927E2361800AED651 /* PBXTargetDependency */,
			);
			name = "Tests macOS";
			productName = "Tests macOS";
			productReference = A617E03727E2361800AED651 /* Tests macOS.xctest */;
			productType = "com.apple.product-type.bundle.ui-testing";
		};
/* End PBXNativeTarget section */

/* Begin PBXProject section */
		A617E01227E2361500AED651 /* Project object */ = {
			isa = PBXProject;
			attributes = {
				BuildIndependentTargetsInParallel = 1;
				LastSwiftUpdateCheck = 1330;
				LastUpgradeCheck = 1330;
				TargetAttributes = {
					A617E01D27E2361800AED651 = {
						CreatedOnToolsVersion = 13.3;
					};
					A617E02327E2361800AED651 = {
						CreatedOnToolsVersion = 13.3;
					};
					A617E02A27E2361800AED651 = {
						CreatedOnToolsVersion = 13.3;
						TestTargetID = A617E01D27E2361800AED651;
					};
					A617E03627E2361800AED651 = {
						CreatedOnToolsVersion = 13.3;
						TestTargetID = A617E02327E2361800AED651;
					};
				};
			};
			buildConfigurationList = A617E01527E2361500AED651 /* Build configuration list for PBXProject "jinjinn" */;
			compatibilityVersion = "Xcode 13.0";
			developmentRegion = en;
			hasScannedForEncodings = 0;
			knownRegions = (
				en,
				Base,
			);
			mainGroup = A617E01127E2361500AED651;
			productRefGroup = A617E01F27E2361800AED651 /* Products */;
			projectDirPath = "";
			projectRoot = "";
			targets = (
				A617E01D27E2361800AED651 /* jinjinn (iOS) */,
				A617E02327E2361800AED651 /* jinjinn (macOS) */,
				A617E02A27E2361800AED651 /* Tests iOS */,
				A617E03627E2361800AED651 /* Tests macOS */,
			);
		};
/* End PBXProject section */

/* Begin PBXResourcesBuildPhase section */
		A617E01C27E2361800AED651 /* Resources */ = {
			isa = PBXResourcesBuildPhase;
			buildActionMask = 2147483647;
			files = (
				A617E04327E2361800AED651 /* Assets.xcassets in Resources */,
			);
			runOnlyForDeploymentPostprocessing = 0;
		};
		A617E02227E2361800AED651 /* Resources */ = {
			isa = PBXResourcesBuildPhase;
			buildActionMask = 2147483647;
			files = (
				A617E04427E2361800AED651 /* Assets.xcassets in Resources */,
			);
			runOnlyForDeploymentPostprocessing = 0;
		};
		A617E02927E2361800AED651 /* Resources */ = {
			isa = PBXResourcesBuildPhase;
			buildActionMask = 2147483647;
			files = (
			);
			runOnlyForDeploymentPostprocessing = 0;
		};
		A617E03527E2361800AED651 /* Resources */ = {
			isa = PBXResourcesBuildPhase;
			buildActionMask = 2147483647;
			files = (
			);
			runOnlyForDeploymentPostprocessing = 0;
		};
/* End PBXResourcesBuildPhase section */

/* Begin PBXSourcesBuildPhase section */
		A617E01A27E2361800AED651 /* Sources */ = {
			isa = PBXSourcesBuildPhase;
			buildActionMask = 2147483647;
			files = (
				A617E04127E2361800AED651 /* ContentView.swift in Sources */,
				A617E03F27E2361800AED651 /* jinjinnApp.swift in Sources */,
			);
			runOnlyForDeploymentPostprocessing = 0;
		};
		A617E02027E2361800AED651 /* Sources */ = {
			isa = PBXSourcesBuildPhase;
			buildActionMask = 2147483647;
			files = (
				A617E04227E2361800AED651 /* ContentView.swift in Sources */,
				A617E04027E2361800AED651 /* jinjinnApp.swift in Sources */,
			);
			runOnlyForDeploymentPostprocessing = 0;
		};
		A617E02727E2361800AED651 /* Sources */ = {
			isa = PBXSourcesBuildPhase;
			buildActionMask = 2147483647;
			files = (
				A617E03227E2361800AED651 /* Tests_iOSLaunchTests.swift in Sources */,
				A617E03027E2361800AED651 /* Tests_iOS.swift in Sources */,
			);
			runOnlyForDeploymentPostprocessing = 0;
		};
		A617E03327E2361800AED651 /* Sources */ = {
			isa = PBXSourcesBuildPhase;
			buildActionMask = 2147483647;
			files = (
				A617E03E27E2361800AED651 /* Tests_macOSLaunchTests.swift in Sources */,
				A617E03C27E2361800AED651 /* Tests_macOS.swift in Sources */,
			);
			runOnlyForDeploymentPostprocessing = 0;
		};
/* End PBXSourcesBuildPhase section */

/* Begin PBXTargetDependency section */
		A617E02D27E2361800AED651 /* PBXTargetDependency */ = {
			isa = PBXTargetDependency;
			target = A617E01D27E2361800AED651 /* jinjinn (iOS) */;
			targetProxy = A617E02C27E2361800AED651 /* PBXContainerItemProxy */;
		};
		A617E03927E2361800AED651 /* PBXTargetDependency */ = {
			isa = PBXTargetDependency;
			target = A617E02327E2361800AED651 /* jinjinn (macOS) */;
			targetProxy = A617E03827E2361800AED651 /* PBXContainerItemProxy */;
		};
/* End PBXTargetDependency section */

/* Begin XCBuildConfiguration section */
		A617E04527E2361800AED651 /* Debug */ = {
			isa = XCBuildConfiguration;
			buildSettings = {
				ALWAYS_SEARCH_USER_PATHS = NO;
				CLANG_ANALYZER_NONNULL = YES;
				CLANG_ANALYZER_NUMBER_OBJECT_CONVERSION = YES_AGGRESSIVE;
				CLANG_CXX_LANGUAGE_STANDARD = "gnu++17";
				CLANG_ENABLE_MODULES = YES;
				CLANG_ENABLE_OBJC_ARC = YES;
				CLANG_ENABLE_OBJC_WEAK = YES;
				CLANG_WARN_BLOCK_CAPTURE_AUTORELEASING = YES;
				CLANG_WARN_BOOL_CONVERSION = YES;
				CLANG_WARN_COMMA = YES;
				CLANG_WARN_CONSTANT_CONVERSION = YES;
				CLANG_WARN_DEPRECATED_OBJC_IMPLEMENTATIONS = YES;
				CLANG_WARN_DIRECT_OBJC_ISA_USAGE = YES_ERROR;
				CLANG_WARN_DOCUMENTATION_COMMENTS = YES;
				CLANG_WARN_EMPTY_BODY = YES;
				CLANG_WARN_ENUM_CONVERSION = YES;
				CLANG_WARN_INFINITE_RECURSION = YES;
				CLANG_WARN_INT_CONVERSION = YES;
				CLANG_WARN_NON_LITERAL_NULL_CONVERSION = YES;
				CLANG_WARN_OBJC_IMPLICIT_RETAIN_SELF = YES;
				CLANG_WARN_OBJC_LITERAL_CONVERSION = YES;
				CLANG_WARN_OBJC_ROOT_CLASS = YES_ERROR;
				CLANG_WARN_QUOTED_INCLUDE_IN_FRAMEWORK_HEADER = YES;
				CLANG_WARN_RANGE_LOOP_ANALYSIS = YES;
				CLANG_WARN_STRICT_PROTOTYPES = YES;
				CLANG_WARN_SUSPICIOUS_MOVE = YES;
				CLANG_WARN_UNGUARDED_AVAILABILITY = YES_AGGRESSIVE;
				CLANG_WARN_UNREACHABLE_CODE = YES;
				CLANG_WARN__DUPLICATE_METHOD_MATCH = YES;
				COPY_PHASE_STRIP = NO;
				DEBUG_INFORMATION_FORMAT = dwarf;
				ENABLE_STRICT_OBJC_MSGSEND = YES;
				ENABLE_TESTABILITY = YES;
				GCC_C_LANGUAGE_STANDARD = gnu11;
				GCC_DYNAMIC_NO_PIC = NO;
				GCC_NO_COMMON_BLOCKS = YES;
				GCC_OPTIMIZATION_LEVEL = 0;
				GCC_PREPROCESSOR_DEFINITIONS = (
					"DEBUG=1",
					"$(inherited)",
				);
				GCC_WARN_64_TO_32_BIT_CONVERSION = YES;
				GCC_WARN_ABOUT_RETURN_TYPE = YES_ERROR;
				GCC_WARN_UNDECLARED_SELECTOR = YES;
				GCC_WARN_UNINITIALIZED_AUTOS = YES_AGGRESSIVE;
				GCC_WARN_UNUSED_FUNCTION = YES;
				GCC_WARN_UNUSED_VARIABLE = YES;
				MTL_ENABLE_DEBUG_INFO = INCLUDE_SOURCE;
				MTL_FAST_MATH = YES;
				ONLY_ACTIVE_ARCH = YES;
				SWIFT_ACTIVE_COMPILATION_CONDITIONS = DEBUG;
				SWIFT_OPTIMIZATION_LEVEL = "-Onone";
			};
			name = Debug;
		};
		A617E04627E2361800AED651 /* Release */ = {
			isa = XCBuildConfiguration;
			buildSettings = {
				ALWAYS_SEARCH_USER_PATHS = NO;
				CLANG_ANALYZER_NONNULL = YES;
				CLANG_ANALYZER_NUMBER_OBJECT_CONVERSION = YES_AGGRESSIVE;
				CLANG_CXX_LANGUAGE_STANDARD = "gnu++17";
				CLANG_ENABLE_MODULES = YES;
				CLANG_ENABLE_OBJC_ARC = YES;
				CLANG_ENABLE_OBJC_WEAK = YES;
				CLANG_WARN_BLOCK_CAPTURE_AUTORELEASING = YES;
				CLANG_WARN_BOOL_CONVERSION = YES;
				CLANG_WARN_COMMA = YES;
				CLANG_WARN_CONSTANT_CONVERSION = YES;
				CLANG_WARN_DEPRECATED_OBJC_IMPLEMENTATIONS = YES;
				CLANG_WARN_DIRECT_OBJC_ISA_USAGE = YES_ERROR;
				CLANG_WARN_DOCUMENTATION_COMMENTS = YES;
				CLANG_WARN_EMPTY_BODY = YES;
				CLANG_WARN_ENUM_CONVERSION = YES;
				CLANG_WARN_INFINITE_RECURSION = YES;
				CLANG_WARN_INT_CONVERSION = YES;
				CLANG_WARN_NON_LITERAL_NULL_CONVERSION = YES;
				CLANG_WARN_OBJC_IMPLICIT_RETAIN_SELF = YES;
				CLANG_WARN_OBJC_LITERAL_CONVERSION = YES;
				CLANG_WARN_OBJC_ROOT_CLASS = YES_ERROR;
				CLANG_WARN_QUOTED_INCLUDE_IN_FRAMEWORK_HEADER = YES;
				CLANG_WARN_RANGE_LOOP_ANALYSIS = YES;
				CLANG_WARN_STRICT_PROTOTYPES = YES;
				CLANG_WARN_SUSPICIOUS_MOVE = YES;
				CLANG_WARN_UNGUARDED_AVAILABILITY = YES_AGGRESSIVE;
				CLANG_WARN_UNREACHABLE_CODE = YES;
				CLANG_WARN__DUPLICATE_METHOD_MATCH = YES;
				COPY_PHASE_STRIP = NO;
				DEBUG_INFORMATION_FORMAT = "dwarf-with-dsym";
				ENABLE_NS_ASSERTIONS = NO;
				ENABLE_STRICT_OBJC_MSGSEND = YES;
				GCC_C_LANGUAGE_STANDARD = gnu11;
				GCC_NO_COMMON_BLOCKS = YES;
				GCC_WARN_64_TO_32_BIT_CONVERSION = YES;
				GCC_WARN_ABOUT_RETURN_TYPE = YES_ERROR;
				GCC_WARN_UNDECLARED_SELECTOR = YES;
				GCC_WARN_UNINITIALIZED_AUTOS = YES_AGGRESSIVE;
				GCC_WARN_UNUSED_FUNCTION = YES;
				GCC_WARN_UNUSED_VARIABLE = YES;
				MTL_ENABLE_DEBUG_INFO = NO;
				MTL_FAST_MATH = YES;
				SWIFT_COMPILATION_MODE = wholemodule;
				SWIFT_OPTIMIZATION_LEVEL = "-O";
			};
			name = Release;
		};
		A617E04827E2361800AED651 /* Debug */ = {
			isa = XCBuildConfiguration;
			buildSettings = {
				ASSETCATALOG_COMPILER_APPICON_NAME = AppIcon;
				ASSETCATALOG_COMPILER_GLOBAL_ACCENT_COLOR_NAME = AccentColor;
				CODE_SIGN_STYLE = Automatic;
				CURRENT_PROJECT_VERSION = 1;
				DEVELOPMENT_TEAM = 37WVSWSLX9;
				ENABLE_PREVIEWS = YES;
				GENERATE_INFOPLIST_FILE = YES;
				INFOPLIST_KEY_UIApplicationSceneManifest_Generation = YES;
				INFOPLIST_KEY_UIApplicationSupportsIndirectInputEvents = YES;
				INFOPLIST_KEY_UILaunchScreen_Generation = YES;
				INFOPLIST_KEY_UISupportedInterfaceOrientations_iPad = "UIInterfaceOrientationPortrait UIInterfaceOrientationPortraitUpsideDown UIInterfaceOrientationLandscapeLeft UIInterfaceOrientationLandscapeRight";
				INFOPLIST_KEY_UISupportedInterfaceOrientations_iPhone = "UIInterfaceOrientationPortrait UIInterfaceOrientationLandscapeLeft UIInterfaceOrientationLandscapeRight";
				IPHONEOS_DEPLOYMENT_TARGET = 15.4;
				LD_RUNPATH_SEARCH_PATHS = (
					"$(inherited)",
					"@executable_path/Frameworks",
				);
				MARKETING_VERSION = 1.0;
				PRODUCT_BUNDLE_IDENTIFIER = aaaaa.jinjinn;
				PRODUCT_NAME = jinjinn;
				SDKROOT = iphoneos;
				SWIFT_EMIT_LOC_STRINGS = YES;
				SWIFT_VERSION = 5.0;
				TARGETED_DEVICE_FAMILY = "1,2";
			};
			name = Debug;
		};
		A617E04927E2361800AED651 /* Release */ = {
			isa = XCBuildConfiguration;
			buildSettings = {
				ASSETCATALOG_COMPILER_APPICON_NAME = AppIcon;
				ASSETCATALOG_COMPILER_GLOBAL_ACCENT_COLOR_NAME = AccentColor;
				CODE_SIGN_STYLE = Automatic;
				CURRENT_PROJECT_VERSION = 1;
				DEVELOPMENT_TEAM = 37WVSWSLX9;
				ENABLE_PREVIEWS = YES;
				GENERATE_INFOPLIST_FILE = YES;
				INFOPLIST_KEY_UIApplicationSceneManifest_Generation = YES;
				INFOPLIST_KEY_UIApplicationSupportsIndirectInputEvents = YES;
				INFOPLIST_KEY_UILaunchScreen_Generation = YES;
				INFOPLIST_KEY_UISupportedInterfaceOrientations_iPad = "UIInterfaceOrientationPortrait UIInterfaceOrientationPortraitUpsideDown UIInterfaceOrientationLandscapeLeft UIInterfaceOrientationLandscapeRight";
				INFOPLIST_KEY_UISupportedInterfaceOrientations_iPhone = "UIInterfaceOrientationPortrait UIInterfaceOrientationLandscapeLeft UIInterfaceOrientationLandscapeRight";
				IPHONEOS_DEPLOYMENT_TARGET = 15.4;
				LD_RUNPATH_SEARCH_PATHS = (
					"$(inherited)",
					"@executable_path/Frameworks",
				);
				MARKETING_VERSION = 1.0;
				PRODUCT_BUNDLE_IDENTIFIER = aaaaa.jinjinn;
				PRODUCT_NAME = jinjinn;
				SDKROOT = iphoneos;
				SWIFT_EMIT_LOC_STRINGS = YES;
				SWIFT_VERSION = 5.0;
				TARGETED_DEVICE_FAMILY = "1,2";
				VALIDATE_PRODUCT = YES;
			};
			name = Release;
		};
		A617E04B27E2361800AED651 /* Debug */ = {
			isa = XCBuildConfiguration;
			buildSettings = {
				ASSETCATALOG_COMPILER_APPICON_NAME = AppIcon;
				ASSETCATALOG_COMPILER_GLOBAL_ACCENT_COLOR_NAME = AccentColor;
				CODE_SIGN_ENTITLEMENTS = macOS/macOS.entitlements;
				CODE_SIGN_STYLE = Automatic;
				COMBINE_HIDPI_IMAGES = YES;
				CURRENT_PROJECT_VERSION = 1;
				DEVELOPMENT_TEAM = 37WVSWSLX9;
				ENABLE_HARDENED_RUNTIME = YES;
				ENABLE_PREVIEWS = YES;
				GENERATE_INFOPLIST_FILE = YES;
				INFOPLIST_KEY_NSHumanReadableCopyright = "";
				LD_RUNPATH_SEARCH_PATHS = (
					"$(inherited)",
					"@executable_path/../Frameworks",
				);
				MACOSX_DEPLOYMENT_TARGET = 12.2;
				MARKETING_VERSION = 1.0;
				PRODUCT_BUNDLE_IDENTIFIER = aaaaa.jinjinn;
				PRODUCT_NAME = jinjinn;
				SDKROOT = macosx;
				SWIFT_EMIT_LOC_STRINGS = YES;
				SWIFT_VERSION = 5.0;
			};
			name = Debug;
		};
		A617E04C27E2361800AED651 /* Release */ = {
			isa = XCBuildConfiguration;
			buildSettings = {
				ASSETCATALOG_COMPILER_APPICON_NAME = AppIcon;
				ASSETCATALOG_COMPILER_GLOBAL_ACCENT_COLOR_NAME = AccentColor;
				CODE_SIGN_ENTITLEMENTS = macOS/macOS.entitlements;
				CODE_SIGN_STYLE = Automatic;
				COMBINE_HIDPI_IMAGES = YES;
				CURRENT_PROJECT_VERSION = 1;
				DEVELOPMENT_TEAM = 37WVSWSLX9;
				ENABLE_HARDENED_RUNTIME = YES;
				ENABLE_PREVIEWS = YES;
				GENERATE_INFOPLIST_FILE = YES;
				INFOPLIST_KEY_NSHumanReadableCopyright = "";
				LD_RUNPATH_SEARCH_PATHS = (
					"$(inherited)",
					"@executable_path/../Frameworks",
				);
				MACOSX_DEPLOYMENT_TARGET = 12.2;
				MARKETING_VERSION = 1.0;
				PRODUCT_BUNDLE_IDENTIFIER = aaaaa.jinjinn;
				PRODUCT_NAME = jinjinn;
				SDKROOT = macosx;
				SWIFT_EMIT_LOC_STRINGS = YES;
				SWIFT_VERSION = 5.0;
			};
			name = Release;
		};
		A617E04E27E2361800AED651 /* Debug */ = {
			isa = XCBuildConfiguration;
			buildSettings = {
				ALWAYS_EMBED_SWIFT_STANDARD_LIBRARIES = YES;
				CODE_SIGN_STYLE = Automatic;
				CURRENT_PROJECT_VERSION = 1;
				DEVELOPMENT_TEAM = 37WVSWSLX9;
				GENERATE_INFOPLIST_FILE = YES;
				IPHONEOS_DEPLOYMENT_TARGET = 15.4;
				MARKETING_VERSION = 1.0;
				PRODUCT_BUNDLE_IDENTIFIER = "aaaaa.Tests-iOS";
				PRODUCT_NAME = "$(TARGET_NAME)";
				SDKROOT = iphoneos;
				SWIFT_EMIT_LOC_STRINGS = NO;
				SWIFT_VERSION = 5.0;
				TARGETED_DEVICE_FAMILY = "1,2";
				TEST_TARGET_NAME = "jinjinn (iOS)";
			};
			name = Debug;
		};
		A617E04F27E2361800AED651 /* Release */ = {
			isa = XCBuildConfiguration;
			buildSettings = {
				ALWAYS_EMBED_SWIFT_STANDARD_LIBRARIES = YES;
				CODE_SIGN_STYLE = Automatic;
				CURRENT_PROJECT_VERSION = 1;
				DEVELOPMENT_TEAM = 37WVSWSLX9;
				GENERATE_INFOPLIST_FILE = YES;
				IPHONEOS_DEPLOYMENT_TARGET = 15.4;
				MARKETING_VERSION = 1.0;
				PRODUCT_BUNDLE_IDENTIFIER = "aaaaa.Tests-iOS";
				PRODUCT_NAME = "$(TARGET_NAME)";
				SDKROOT = iphoneos;
				SWIFT_EMIT_LOC_STRINGS = NO;
				SWIFT_VERSION = 5.0;
				TARGETED_DEVICE_FAMILY = "1,2";
				TEST_TARGET_NAME = "jinjinn (iOS)";
				VALIDATE_PRODUCT = YES;
			};
			name = Release;
		};
		A617E05127E2361800AED651 /* Debug */ = {
			isa = XCBuildConfiguration;
			buildSettings = {
				ALWAYS_EMBED_SWIFT_STANDARD_LIBRARIES = YES;
				CODE_SIGN_STYLE = Automatic;
				CURRENT_PROJECT_VERSION = 1;
				DEVELOPMENT_TEAM = 37WVSWSLX9;
				GENERATE_INFOPLIST_FILE = YES;
				MACOSX_DEPLOYMENT_TARGET = 12.2;
				MARKETING_VERSION = 1.0;
				PRODUCT_BUNDLE_IDENTIFIER = "aaaaa.Tests-macOS";
				PRODUCT_NAME = "$(TARGET_NAME)";
				SDKROOT = macosx;
				SWIFT_EMIT_LOC_STRINGS = NO;
				SWIFT_VERSION = 5.0;
				TEST_TARGET_NAME = "jinjinn (macOS)";
			};
			name = Debug;
		};
		A617E05227E2361800AED651 /* Release */ = {
			isa = XCBuildConfiguration;
			buildSettings = {
				ALWAYS_EMBED_SWIFT_STANDARD_LIBRARIES = YES;
				CODE_SIGN_STYLE = Automatic;
				CURRENT_PROJECT_VERSION = 1;
				DEVELOPMENT_TEAM = 37WVSWSLX9;
				GENERATE_INFOPLIST_FILE = YES;
				MACOSX_DEPLOYMENT_TARGET = 12.2;
				MARKETING_VERSION = 1.0;
				PRODUCT_BUNDLE_IDENTIFIER = "aaaaa.Tests-macOS";
				PRODUCT_NAME = "$(TARGET_NAME)";
				SDKROOT = macosx;
				SWIFT_EMIT_LOC_STRINGS = NO;
				SWIFT_VERSION = 5.0;
				TEST_TARGET_NAME = "jinjinn (macOS)";
			};
			name = Release;
		};
/* End XCBuildConfiguration section */

/* Begin XCConfigurationList section */
		A617E01527E2361500AED651 /* Build configuration list for PBXProject "jinjinn" */ = {
			isa = XCConfigurationList;
			buildConfigurations = (
				A617E04527E2361800AED651 /* Debug */,
				A617E04627E2361800AED651 /* Release */,
			);
			defaultConfigurationIsVisible = 0;
			defaultConfigurationName = Release;
		};
		A617E04727E2361800AED651 /* Build configuration list for PBXNativeTarget "jinjinn (iOS)" */ = {
			isa = XCConfigurationList;
			buildConfigurations = (
				A617E04827E2361800AED651 /* Debug */,
				A617E04927E2361800AED651 /* Release */,
			);
			defaultConfigurationIsVisible = 0;
			defaultConfigurationName = Release;
		};
		A617E04A27E2361800AED651 /* Build configuration list for PBXNativeTarget "jinjinn (macOS)" */ = {
			isa = XCConfigurationList;
			buildConfigurations = (
				A617E04B27E2361800AED651 /* Debug */,
				A617E04C27E2361800AED651 /* Release */,
			);
			defaultConfigurationIsVisible = 0;
			defaultConfigurationName = Release;
		};
		A617E04D27E2361800AED651 /* Build configuration list for PBXNativeTarget "Tests iOS" */ = {
			isa = XCConfigurationList;
			buildConfigurations = (
				A617E04E27E2361800AED651 /* Debug */,
				A617E04F27E2361800AED651 /* Release */,
			);
			defaultConfigurationIsVisible = 0;
			defaultConfigurationName = Release;
		};
		A617E05027E2361800AED651 /* Build configuration list for PBXNativeTarget "Tests macOS" */ = {
			isa = XCConfigurationList;
			buildConfigurations = (
				A617E05127E2361800AED651 /* Debug */,
				A617E05227E2361800AED651 /* Release */,
			);
			defaultConfigurationIsVisible = 0;
			defaultConfigurationName = Release;
		};
/* End XCConfigurationList section */
	};
	rootObject = A617E01227E2361500AED651 /* Project object */;
}
